
Microsoft Visual Studio Solution File, Format Version 12.00
# Visual Studio Version 17
VisualStudioVersion = 17.6.33717.318
MinimumVisualStudioVersion = 10.0.40219.1
Project("{FAE04EC0-301F-11D3-BF4B-00C04F79EFBC}") = "bhaskara", "bhaskara\bhaskara.csproj", "{45373334-08A8-41C3-B7BF-E3C7DC84DB9A}"
EndProject
Global
	GlobalSection(SolutionConfigurationPlatforms) = preSolution
		Debug|Any CPU = Debug|Any CPU
		Release|Any CPU = Release|Any CPU
	EndGlobalSection
	GlobalSection(ProjectConfigurationPlatforms) = postSolution
		{45373334-08A8-41C3-B7BF-E3C7DC84DB9A}.Debug|Any CPU.ActiveCfg = Debug|Any CPU
		{45373334-08A8-41C3-B7BF-E3C7DC84DB9A}.Debug|Any CPU.Build.0 = Debug|Any CPU
		{45373334-08A8-41C3-B7BF-E3C7DC84DB9A}.Release|Any CPU.ActiveCfg = Release|Any CPU
		{45373334-08A8-41C3-B7BF-E3C7DC84DB9A}.Release|Any CPU.Build.0 = Release|Any CPU
	EndGlobalSection
	GlobalSection(SolutionProperties) = preSolution
		HideSolutionNode = FALSE
	EndGlobalSection
	GlobalSection(ExtensibilityGlobals) = postSolution
		SolutionGuid = {EDFDDEA3-A325-43EC-AE00-65942A248834}
	EndGlobalSection
EndGlobal
